
Microsoft Visual Studio Solution File, Format Version 12.00
# Visual Studio Version 17
VisualStudioVersion = 17.5.002.0
MinimumVisualStudioVersion = 10.0.40219.1
Project("{2150E333-8FDC-42A3-9474-1A3956D46DE8}") = "csharp-prep", "csharp-prep", "{F23691F0-0927-4348-906D-912BBE692147}"
EndProject
Project("{9A19103F-16F7-4668-BE54-9A1E7A4F7556}") = "Prep1", "csharp-prep\Prep1\Prep1.csproj", "{C297C62E-BB4E-495F-A653-EDA6B5E0F602}"
EndProject
Project("{9A19103F-16F7-4668-BE54-9A1E7A4F7556}") = "Prep2", "csharp-prep\Prep2\Prep2.csproj", "{C6B082B9-F943-4445-8DBD-DCB54E850296}"
EndProject
Project("{9A19103F-16F7-4668-BE54-9A1E7A4F7556}") = "Prep3", "csharp-prep\Prep3\Prep3.csproj", "{6BEF86DD-7D54-4F01-A676-41717575A88E}"
EndProject
Project("{9A19103F-16F7-4668-BE54-9A1E7A4F7556}") = "Prep4", "csharp-prep\Prep4\Prep4.csproj", "{148BACB3-29A4-4AB0-97B5-65C938222B5A}"
EndProject
Project("{9A19103F-16F7-4668-BE54-9A1E7A4F7556}") = "Prep5", "csharp-prep\Prep5\Prep5.csproj", "{8AED97F6-0CBF-4604-995A-1A5F78915EE0}"
EndProject
Project("{2150E333-8FDC-42A3-9474-1A3956D46DE8}") = "final", "final", "{15CD1347-39E1-4AB6-B815-2E796D4E2F73}"
EndProject
Project("{9A19103F-16F7-4668-BE54-9A1E7A4F7556}") = "FinalProject", "final\FinalProject\FinalProject.csproj", "{FA23F1E8-B473-43DF-BE2B-200D58762583}"
EndProject
Project("{9A19103F-16F7-4668-BE54-9A1E7A4F7556}") = "Foundation1", "final\Foundation1\Foundation1.csproj", "{E4E4C335-AD9E-4395-821A-3861D80392A7}"
EndProject
Project("{9A19103F-16F7-4668-BE54-9A1E7A4F7556}") = "Foundation2", "final\Foundation2\Foundation2.csproj", "{BEFC556A-5C96-4FC5-AE36-5842A073F58C}"
EndProject
Project("{9A19103F-16F7-4668-BE54-9A1E7A4F7556}") = "Foundation3", "final\Foundation3\Foundation3.csproj", "{BCB8AD08-4AF6-42A2-B9D0-32FBE7374F27}"
EndProject
Project("{9A19103F-16F7-4668-BE54-9A1E7A4F7556}") = "Foundation4", "final\Foundation4\Foundation4.csproj", "{0AFF6420-68FA-41FB-889D-711774DD0162}"
EndProject
Project("{2150E333-8FDC-42A3-9474-1A3956D46DE8}") = "prepare", "prepare", "{D8EB0145-CA92-4BFC-88F5-B334D082E433}"
EndProject
Project("{9A19103F-16F7-4668-BE54-9A1E7A4F7556}") = "Learning02", "prepare\Learning02\Learning02.csproj", "{AFF5C513-F00F-4ECB-9D07-726AC5320182}"
EndProject
Project("{9A19103F-16F7-4668-BE54-9A1E7A4F7556}") = "Learning03", "prepare\Learning03\Learning03.csproj", "{FE724070-476B-4000-A397-04339051EB9A}"
EndProject
Project("{9A19103F-16F7-4668-BE54-9A1E7A4F7556}") = "Learning04", "prepare\Learning04\Learning04.csproj", "{1CA486D4-2260-416C-B66F-94DD6FC9CEBC}"
EndProject
Project("{9A19103F-16F7-4668-BE54-9A1E7A4F7556}") = "Learning05", "prepare\Learning05\Learning05.csproj", "{F5D09F30-41FA-49C5-8168-525253A164AB}"
EndProject
Project("{2150E333-8FDC-42A3-9474-1A3956D46DE8}") = "prove", "prove", "{019AAD68-D6AB-45CD-BCE1-539C1D5F66A3}"
EndProject
Project("{9A19103F-16F7-4668-BE54-9A1E7A4F7556}") = "Develop02", "prove\Develop02\Develop02.csproj", "{A78FEA5D-0D9C-414B-AFDB-4D68A4123505}"
EndProject
Project("{9A19103F-16F7-4668-BE54-9A1E7A4F7556}") = "Develop03", "prove\Develop03\Develop03.csproj", "{28374273-EAF8-466A-8F59-C518660D83F9}"
EndProject
Project("{9A19103F-16F7-4668-BE54-9A1E7A4F7556}") = "Develop04", "prove\Develop04\Develop04.csproj", "{7A118B98-E36A-4233-A88F-C99CA78B0DBA}"
EndProject
Project("{9A19103F-16F7-4668-BE54-9A1E7A4F7556}") = "Develop05", "prove\Develop05\Develop05.csproj", "{3EBC486A-0745-48EC-AED2-57EBCBD5F113}"
EndProject
Project("{2150E333-8FDC-42A3-9474-1A3956D46DE8}") = "sandbox", "sandbox", "{010E1240-DA79-4B79-A2A9-A90BF1557CB1}"
EndProject
Project("{9A19103F-16F7-4668-BE54-9A1E7A4F7556}") = "Sandbox", "sandbox\Sandbox\Sandbox.csproj", "{6966998C-CA3E-45F7-A342-8B7A7DE5C956}"
EndProject
Global
	GlobalSection(SolutionConfigurationPlatforms) = preSolution
		Debug|Any CPU = Debug|Any CPU
		Release|Any CPU = Release|Any CPU
	EndGlobalSection
	GlobalSection(ProjectConfigurationPlatforms) = postSolution
		{C297C62E-BB4E-495F-A653-EDA6B5E0F602}.Debug|Any CPU.ActiveCfg = Debug|Any CPU
		{C297C62E-BB4E-495F-A653-EDA6B5E0F602}.Debug|Any CPU.Build.0 = Debug|Any CPU
		{C297C62E-BB4E-495F-A653-EDA6B5E0F602}.Release|Any CPU.ActiveCfg = Release|Any CPU
		{C297C62E-BB4E-495F-A653-EDA6B5E0F602}.Release|Any CPU.Build.0 = Release|Any CPU
		{C6B082B9-F943-4445-8DBD-DCB54E850296}.Debug|Any CPU.ActiveCfg = Debug|Any CPU
		{C6B082B9-F943-4445-8DBD-DCB54E850296}.Debug|Any CPU.Build.0 = Debug|Any CPU
		{C6B082B9-F943-4445-8DBD-DCB54E850296}.Release|Any CPU.ActiveCfg = Release|Any CPU
		{C6B082B9-F943-4445-8DBD-DCB54E850296}.Release|Any CPU.Build.0 = Release|Any CPU
		{6BEF86DD-7D54-4F01-A676-41717575A88E}.Debug|Any CPU.ActiveCfg = Debug|Any CPU
		{6BEF86DD-7D54-4F01-A676-41717575A88E}.Debug|Any CPU.Build.0 = Debug|Any CPU
		{6BEF86DD-7D54-4F01-A676-41717575A88E}.Release|Any CPU.ActiveCfg = Release|Any CPU
		{6BEF86DD-7D54-4F01-A676-41717575A88E}.Release|Any CPU.Build.0 = Release|Any CPU
		{148BACB3-29A4-4AB0-97B5-65C938222B5A}.Debug|Any CPU.ActiveCfg = Debug|Any CPU
		{148BACB3-29A4-4AB0-97B5-65C938222B5A}.Debug|Any CPU.Build.0 = Debug|Any CPU
		{148BACB3-29A4-4AB0-97B5-65C938222B5A}.Release|Any CPU.ActiveCfg = Release|Any CPU
		{148BACB3-29A4-4AB0-97B5-65C938222B5A}.Release|Any CPU.Build.0 = Release|Any CPU
		{8AED97F6-0CBF-4604-995A-1A5F78915EE0}.Debug|Any CPU.ActiveCfg = Debug|Any CPU
		{8AED97F6-0CBF-4604-995A-1A5F78915EE0}.Debug|Any CPU.Build.0 = Debug|Any CPU
		{8AED97F6-0CBF-4604-995A-1A5F78915EE0}.Release|Any CPU.ActiveCfg = Release|Any CPU
		{8AED97F6-0CBF-4604-995A-1A5F78915EE0}.Release|Any CPU.Build.0 = Release|Any CPU
		{FA23F1E8-B473-43DF-BE2B-200D58762583}.Debug|Any CPU.ActiveCfg = Debug|Any CPU
		{FA23F1E8-B473-43DF-BE2B-200D58762583}.Debug|Any CPU.Build.0 = Debug|Any CPU
		{FA23F1E8-B473-43DF-BE2B-200D58762583}.Release|Any CPU.ActiveCfg = Release|Any CPU
		{FA23F1E8-B473-43DF-BE2B-200D58762583}.Release|Any CPU.Build.0 = Release|Any CPU
		{E4E4C335-AD9E-4395-821A-3861D80392A7}.Debug|Any CPU.ActiveCfg = Debug|Any CPU
		{E4E4C335-AD9E-4395-821A-3861D80392A7}.Debug|Any CPU.Build.0 = Debug|Any CPU
		{E4E4C335-AD9E-4395-821A-3861D80392A7}.Release|Any CPU.ActiveCfg = Release|Any CPU
		{E4E4C335-AD9E-4395-821A-3861D80392A7}.Release|Any CPU.Build.0 = Release|Any CPU
		{BEFC556A-5C96-4FC5-AE36-5842A073F58C}.Debug|Any CPU.ActiveCfg = Debug|Any CPU
		{BEFC556A-5C96-4FC5-AE36-5842A073F58C}.Debug|Any CPU.Build.0 = Debug|Any CPU
		{BEFC556A-5C96-4FC5-AE36-5842A073F58C}.Release|Any CPU.ActiveCfg = Release|Any CPU
		{BEFC556A-5C96-4FC5-AE36-5842A073F58C}.Release|Any CPU.Build.0 = Release|Any CPU
		{BCB8AD08-4AF6-42A2-B9D0-32FBE7374F27}.Debug|Any CPU.ActiveCfg = Debug|Any CPU
		{BCB8AD08-4AF6-42A2-B9D0-32FBE7374F27}.Debug|Any CPU.Build.0 = Debug|Any CPU
		{BCB8AD08-4AF6-42A2-B9D0-32FBE7374F27}.Release|Any CPU.ActiveCfg = Release|Any CPU
		{BCB8AD08-4AF6-42A2-B9D0-32FBE7374F27}.Release|Any CPU.Build.0 = Release|Any CPU
		{0AFF6420-68FA-41FB-889D-711774DD0162}.Debug|Any CPU.ActiveCfg = Debug|Any CPU
		{0AFF6420-68FA-41FB-889D-711774DD0162}.Debug|Any CPU.Build.0 = Debug|Any CPU
		{0AFF6420-68FA-41FB-889D-711774DD0162}.Release|Any CPU.ActiveCfg = Release|Any CPU
		{0AFF6420-68FA-41FB-889D-711774DD0162}.Release|Any CPU.Build.0 = Release|Any CPU
		{AFF5C513-F00F-4ECB-9D07-726AC5320182}.Debug|Any CPU.ActiveCfg = Debug|Any CPU
		{AFF5C513-F00F-4ECB-9D07-726AC5320182}.Debug|Any CPU.Build.0 = Debug|Any CPU
		{AFF5C513-F00F-4ECB-9D07-726AC5320182}.Release|Any CPU.ActiveCfg = Release|Any CPU
		{AFF5C513-F00F-4ECB-9D07-726AC5320182}.Release|Any CPU.Build.0 = Release|Any CPU
		{FE724070-476B-4000-A397-04339051EB9A}.Debug|Any CPU.ActiveCfg = Debug|Any CPU
		{FE724070-476B-4000-A397-04339051EB9A}.Debug|Any CPU.Build.0 = Debug|Any CPU
		{FE724070-476B-4000-A397-04339051EB9A}.Release|Any CPU.ActiveCfg = Release|Any CPU
		{FE724070-476B-4000-A397-04339051EB9A}.Release|Any CPU.Build.0 = Release|Any CPU
		{1CA486D4-2260-416C-B66F-94DD6FC9CEBC}.Debug|Any CPU.ActiveCfg = Debug|Any CPU
		{1CA486D4-2260-416C-B66F-94DD6FC9CEBC}.Debug|Any CPU.Build.0 = Debug|Any CPU
		{1CA486D4-2260-416C-B66F-94DD6FC9CEBC}.Release|Any CPU.ActiveCfg = Release|Any CPU
		{1CA486D4-2260-416C-B66F-94DD6FC9CEBC}.Release|Any CPU.Build.0 = Release|Any CPU
		{F5D09F30-41FA-49C5-8168-525253A164AB}.Debug|Any CPU.ActiveCfg = Debug|Any CPU
		{F5D09F30-41FA-49C5-8168-525253A164AB}.Debug|Any CPU.Build.0 = Debug|Any CPU
		{F5D09F30-41FA-49C5-8168-525253A164AB}.Release|Any CPU.ActiveCfg = Release|Any CPU
		{F5D09F30-41FA-49C5-8168-525253A164AB}.Release|Any CPU.Build.0 = Release|Any CPU
		{A78FEA5D-0D9C-414B-AFDB-4D68A4123505}.Debug|Any CPU.ActiveCfg = Debug|Any CPU
		{A78FEA5D-0D9C-414B-AFDB-4D68A4123505}.Debug|Any CPU.Build.0 = Debug|Any CPU
		{A78FEA5D-0D9C-414B-AFDB-4D68A4123505}.Release|Any CPU.ActiveCfg = Release|Any CPU
		{A78FEA5D-0D9C-414B-AFDB-4D68A4123505}.Release|Any CPU.Build.0 = Release|Any CPU
		{28374273-EAF8-466A-8F59-C518660D83F9}.Debug|Any CPU.ActiveCfg = Debug|Any CPU
		{28374273-EAF8-466A-8F59-C518660D83F9}.Debug|Any CPU.Build.0 = Debug|Any CPU
		{28374273-EAF8-466A-8F59-C518660D83F9}.Release|Any CPU.ActiveCfg = Release|Any CPU
		{28374273-EAF8-466A-8F59-C518660D83F9}.Release|Any CPU.Build.0 = Release|Any CPU
		{7A118B98-E36A-4233-A88F-C99CA78B0DBA}.Debug|Any CPU.ActiveCfg = Debug|Any CPU
		{7A118B98-E36A-4233-A88F-C99CA78B0DBA}.Debug|Any CPU.Build.0 = Debug|Any CPU
		{7A118B98-E36A-4233-A88F-C99CA78B0DBA}.Release|Any CPU.ActiveCfg = Release|Any CPU
		{7A118B98-E36A-4233-A88F-C99CA78B0DBA}.Release|Any CPU.Build.0 = Release|Any CPU
		{3EBC486A-0745-48EC-AED2-57EBCBD5F113}.Debug|Any CPU.ActiveCfg = Debug|Any CPU
		{3EBC486A-0745-48EC-AED2-57EBCBD5F113}.Debug|Any CPU.Build.0 = Debug|Any CPU
		{3EBC486A-0745-48EC-AED2-57EBCBD5F113}.Release|Any CPU.ActiveCfg = Release|Any CPU
		{3EBC486A-0745-48EC-AED2-57EBCBD5F113}.Release|Any CPU.Build.0 = Release|Any CPU
		{6966998C-CA3E-45F7-A342-8B7A7DE5C956}.Debug|Any CPU.ActiveCfg = Debug|Any CPU
		{6966998C-CA3E-45F7-A342-8B7A7DE5C956}.Debug|Any CPU.Build.0 = Debug|Any CPU
		{6966998C-CA3E-45F7-A342-8B7A7DE5C956}.Release|Any CPU.ActiveCfg = Release|Any CPU
		{6966998C-CA3E-45F7-A342-8B7A7DE5C956}.Release|Any CPU.Build.0 = Release|Any CPU
	EndGlobalSection
	GlobalSection(SolutionProperties) = preSolution
		HideSolutionNode = FALSE
	EndGlobalSection
	GlobalSection(NestedProjects) = preSolution
		{C297C62E-BB4E-495F-A653-EDA6B5E0F602} = {F23691F0-0927-4348-906D-912BBE692147}
		{C6B082B9-F943-4445-8DBD-DCB54E850296} = {F23691F0-0927-4348-906D-912BBE692147}
		{6BEF86DD-7D54-4F01-A676-41717575A88E} = {F23691F0-0927-4348-906D-912BBE692147}
		{148BACB3-29A4-4AB0-97B5-65C938222B5A} = {F23691F0-0927-4348-906D-912BBE692147}
		{8AED97F6-0CBF-4604-995A-1A5F78915EE0} = {F23691F0-0927-4348-906D-912BBE692147}
		{FA23F1E8-B473-43DF-BE2B-200D58762583} = {15CD1347-39E1-4AB6-B815-2E796D4E2F73}
		{E4E4C335-AD9E-4395-821A-3861D80392A7} = {15CD1347-39E1-4AB6-B815-2E796D4E2F73}
		{BEFC556A-5C96-4FC5-AE36-5842A073F58C} = {15CD1347-39E1-4AB6-B815-2E796D4E2F73}
		{BCB8AD08-4AF6-42A2-B9D0-32FBE7374F27} = {15CD1347-39E1-4AB6-B815-2E796D4E2F73}
		{0AFF6420-68FA-41FB-889D-711774DD0162} = {15CD1347-39E1-4AB6-B815-2E796D4E2F73}
		{AFF5C513-F00F-4ECB-9D07-726AC5320182} = {D8EB0145-CA92-4BFC-88F5-B334D082E433}
		{FE724070-476B-4000-A397-04339051EB9A} = {D8EB0145-CA92-4BFC-88F5-B334D082E433}
		{1CA486D4-2260-416C-B66F-94DD6FC9CEBC} = {D8EB0145-CA92-4BFC-88F5-B334D082E433}
		{F5D09F30-41FA-49C5-8168-525253A164AB} = {D8EB0145-CA92-4BFC-88F5-B334D082E433}
		{A78FEA5D-0D9C-414B-AFDB-4D68A4123505} = {019AAD68-D6AB-45CD-BCE1-539C1D5F66A3}
		{28374273-EAF8-466A-8F59-C518660D83F9} = {019AAD68-D6AB-45CD-BCE1-539C1D5F66A3}
		{7A118B98-E36A-4233-A88F-C99CA78B0DBA} = {019AAD68-D6AB-45CD-BCE1-539C1D5F66A3}
		{3EBC486A-0745-48EC-AED2-57EBCBD5F113} = {019AAD68-D6AB-45CD-BCE1-539C1D5F66A3}
		{6966998C-CA3E-45F7-A342-8B7A7DE5C956} = {010E1240-DA79-4B79-A2A9-A90BF1557CB1}
	EndGlobalSection
	GlobalSection(ExtensibilityGlobals) = postSolution
		SolutionGuid = {3808CA32-F2DA-4EC5-9F69-A21C998EB96C}
	EndGlobalSection
EndGlobal
